
Microsoft Visual Studio Solution File, Format Version 12.00
# Visual Studio Version 16
VisualStudioVersion = 16.0.30114.105
MinimumVisualStudioVersion = 10.0.40219.1
Project("{FAE04EC0-301F-11D3-BF4B-00C04F79EFBC}") = "SolarEV.SolarListener", "src\SolarEV.SolarListener\SolarEV.SolarListener.csproj", "{DE661EB5-0268-486E-8052-C363D4EC1E57}"
EndProject
Project("{FAE04EC0-301F-11D3-BF4B-00C04F79EFBC}") = "SolarEV.Tests", "test\SolarEV.Tests\SolarEV.Tests.csproj", "{147A2007-178B-4416-897B-18FAAC1D7A9B}"
EndProject
Project("{2150E333-8FDC-42A3-9474-1A3956D46DE8}") = "src", "src", "{033F1B33-C987-489C-891A-23FB2064D7D4}"
EndProject
Project("{FAE04EC0-301F-11D3-BF4B-00C04F79EFBC}") = "SolarEV.IoT", "src\SolarEV.IoT\SolarEV.IoT.csproj", "{56425F28-3670-47E0-BA14-563A1383B308}"
EndProject
Project("{FAE04EC0-301F-11D3-BF4B-00C04F79EFBC}") = "SolarEV", "src\SolarEV\SolarEV.csproj", "{3C8BD966-F399-4A48-A9BA-B42C01BA67D9}"
EndProject
Global
	GlobalSection(SolutionConfigurationPlatforms) = preSolution
		Debug|Any CPU = Debug|Any CPU
		Debug|x64 = Debug|x64
		Debug|x86 = Debug|x86
		Release|Any CPU = Release|Any CPU
		Release|x64 = Release|x64
		Release|x86 = Release|x86
	EndGlobalSection
	GlobalSection(SolutionProperties) = preSolution
		HideSolutionNode = FALSE
	EndGlobalSection
	GlobalSection(ProjectConfigurationPlatforms) = postSolution
		{DE661EB5-0268-486E-8052-C363D4EC1E57}.Debug|Any CPU.ActiveCfg = Debug|Any CPU
		{DE661EB5-0268-486E-8052-C363D4EC1E57}.Debug|Any CPU.Build.0 = Debug|Any CPU
		{DE661EB5-0268-486E-8052-C363D4EC1E57}.Debug|x64.ActiveCfg = Debug|Any CPU
		{DE661EB5-0268-486E-8052-C363D4EC1E57}.Debug|x64.Build.0 = Debug|Any CPU
		{DE661EB5-0268-486E-8052-C363D4EC1E57}.Debug|x86.ActiveCfg = Debug|Any CPU
		{DE661EB5-0268-486E-8052-C363D4EC1E57}.Debug|x86.Build.0 = Debug|Any CPU
		{DE661EB5-0268-486E-8052-C363D4EC1E57}.Release|Any CPU.ActiveCfg = Release|Any CPU
		{DE661EB5-0268-486E-8052-C363D4EC1E57}.Release|Any CPU.Build.0 = Release|Any CPU
		{DE661EB5-0268-486E-8052-C363D4EC1E57}.Release|x64.ActiveCfg = Release|Any CPU
		{DE661EB5-0268-486E-8052-C363D4EC1E57}.Release|x64.Build.0 = Release|Any CPU
		{DE661EB5-0268-486E-8052-C363D4EC1E57}.Release|x86.ActiveCfg = Release|Any CPU
		{DE661EB5-0268-486E-8052-C363D4EC1E57}.Release|x86.Build.0 = Release|Any CPU
		{147A2007-178B-4416-897B-18FAAC1D7A9B}.Debug|Any CPU.ActiveCfg = Debug|Any CPU
		{147A2007-178B-4416-897B-18FAAC1D7A9B}.Debug|Any CPU.Build.0 = Debug|Any CPU
		{147A2007-178B-4416-897B-18FAAC1D7A9B}.Debug|x64.ActiveCfg = Debug|Any CPU
		{147A2007-178B-4416-897B-18FAAC1D7A9B}.Debug|x64.Build.0 = Debug|Any CPU
		{147A2007-178B-4416-897B-18FAAC1D7A9B}.Debug|x86.ActiveCfg = Debug|Any CPU
		{147A2007-178B-4416-897B-18FAAC1D7A9B}.Debug|x86.Build.0 = Debug|Any CPU
		{147A2007-178B-4416-897B-18FAAC1D7A9B}.Release|Any CPU.ActiveCfg = Release|Any CPU
		{147A2007-178B-4416-897B-18FAAC1D7A9B}.Release|Any CPU.Build.0 = Release|Any CPU
		{147A2007-178B-4416-897B-18FAAC1D7A9B}.Release|x64.ActiveCfg = Release|Any CPU
		{147A2007-178B-4416-897B-18FAAC1D7A9B}.Release|x64.Build.0 = Release|Any CPU
		{147A2007-178B-4416-897B-18FAAC1D7A9B}.Release|x86.ActiveCfg = Release|Any CPU
		{147A2007-178B-4416-897B-18FAAC1D7A9B}.Release|x86.Build.0 = Release|Any CPU
		{56425F28-3670-47E0-BA14-563A1383B308}.Debug|Any CPU.ActiveCfg = Debug|Any CPU
		{56425F28-3670-47E0-BA14-563A1383B308}.Debug|Any CPU.Build.0 = Debug|Any CPU
		{56425F28-3670-47E0-BA14-563A1383B308}.Debug|x64.ActiveCfg = Debug|Any CPU
		{56425F28-3670-47E0-BA14-563A1383B308}.Debug|x64.Build.0 = Debug|Any CPU
		{56425F28-3670-47E0-BA14-563A1383B308}.Debug|x86.ActiveCfg = Debug|Any CPU
		{56425F28-3670-47E0-BA14-563A1383B308}.Debug|x86.Build.0 = Debug|Any CPU
		{56425F28-3670-47E0-BA14-563A1383B308}.Release|Any CPU.ActiveCfg = Release|Any CPU
		{56425F28-3670-47E0-BA14-563A1383B308}.Release|Any CPU.Build.0 = Release|Any CPU
		{56425F28-3670-47E0-BA14-563A1383B308}.Release|x64.ActiveCfg = Release|Any CPU
		{56425F28-3670-47E0-BA14-563A1383B308}.Release|x64.Build.0 = Release|Any CPU
		{56425F28-3670-47E0-BA14-563A1383B308}.Release|x86.ActiveCfg = Release|Any CPU
		{56425F28-3670-47E0-BA14-563A1383B308}.Release|x86.Build.0 = Release|Any CPU
		{3C8BD966-F399-4A48-A9BA-B42C01BA67D9}.Debug|Any CPU.ActiveCfg = Debug|Any CPU
		{3C8BD966-F399-4A48-A9BA-B42C01BA67D9}.Debug|Any CPU.Build.0 = Debug|Any CPU
		{3C8BD966-F399-4A48-A9BA-B42C01BA67D9}.Debug|x64.ActiveCfg = Debug|Any CPU
		{3C8BD966-F399-4A48-A9BA-B42C01BA67D9}.Debug|x64.Build.0 = Debug|Any CPU
		{3C8BD966-F399-4A48-A9BA-B42C01BA67D9}.Debug|x86.ActiveCfg = Debug|Any CPU
		{3C8BD966-F399-4A48-A9BA-B42C01BA67D9}.Debug|x86.Build.0 = Debug|Any CPU
		{3C8BD966-F399-4A48-A9BA-B42C01BA67D9}.Release|Any CPU.ActiveCfg = Release|Any CPU
		{3C8BD966-F399-4A48-A9BA-B42C01BA67D9}.Release|Any CPU.Build.0 = Release|Any CPU
		{3C8BD966-F399-4A48-A9BA-B42C01BA67D9}.Release|x64.ActiveCfg = Release|Any CPU
		{3C8BD966-F399-4A48-A9BA-B42C01BA67D9}.Release|x64.Build.0 = Release|Any CPU
		{3C8BD966-F399-4A48-A9BA-B42C01BA67D9}.Release|x86.ActiveCfg = Release|Any CPU
		{3C8BD966-F399-4A48-A9BA-B42C01BA67D9}.Release|x86.Build.0 = Release|Any CPU
	EndGlobalSection
	GlobalSection(NestedProjects) = preSolution
		{56425F28-3670-47E0-BA14-563A1383B308} = {033F1B33-C987-489C-891A-23FB2064D7D4}
		{3C8BD966-F399-4A48-A9BA-B42C01BA67D9} = {033F1B33-C987-489C-891A-23FB2064D7D4}
	EndGlobalSection
EndGlobal
